
Microsoft Visual Studio Solution File, Format Version 12.00
# Visual Studio Version 17
VisualStudioVersion = 17.8.34330.188
MinimumVisualStudioVersion = 10.0.40219.1
Project("{FAE04EC0-301F-11D3-BF4B-00C04F79EFBC}") = "SoundCalc", "SoundCalc\SoundCalc.csproj", "{11CE7918-50C7-4B48-8FE9-CE231ACC137F}"
EndProject
Global
	GlobalSection(SolutionConfigurationPlatforms) = preSolution
		Debug|Any CPU = Debug|Any CPU
		Release|Any CPU = Release|Any CPU
	EndGlobalSection
	GlobalSection(ProjectConfigurationPlatforms) = postSolution
		{11CE7918-50C7-4B48-8FE9-CE231ACC137F}.Debug|Any CPU.ActiveCfg = Debug|Any CPU
		{11CE7918-50C7-4B48-8FE9-CE231ACC137F}.Debug|Any CPU.Build.0 = Debug|Any CPU
		{11CE7918-50C7-4B48-8FE9-CE231ACC137F}.Release|Any CPU.ActiveCfg = Release|Any CPU
		{11CE7918-50C7-4B48-8FE9-CE231ACC137F}.Release|Any CPU.Build.0 = Release|Any CPU
	EndGlobalSection
	GlobalSection(SolutionProperties) = preSolution
		HideSolutionNode = FALSE
	EndGlobalSection
	GlobalSection(ExtensibilityGlobals) = postSolution
		SolutionGuid = {532FBB0B-F4DD-4842-A644-D2A3573228B6}
	EndGlobalSection
EndGlobal
